
Microsoft Visual Studio Solution File, Format Version 12.00
Project("{F2A71F9B-5D33-465A-A702-920D77279786}") = "LearningFSharp.Calculator", "LearningFSharp.Calculator\LearningFSharp.Calculator.fsproj", "{3B522136-7BD0-4EF2-A437-08D04DD6C1EC}"
EndProject
Global
	GlobalSection(SolutionConfigurationPlatforms) = preSolution
		Debug|Any CPU = Debug|Any CPU
		Release|Any CPU = Release|Any CPU
	EndGlobalSection
	GlobalSection(ProjectConfigurationPlatforms) = postSolution
		{3B522136-7BD0-4EF2-A437-08D04DD6C1EC}.Debug|Any CPU.ActiveCfg = Debug|Any CPU
		{3B522136-7BD0-4EF2-A437-08D04DD6C1EC}.Debug|Any CPU.Build.0 = Debug|Any CPU
		{3B522136-7BD0-4EF2-A437-08D04DD6C1EC}.Release|Any CPU.ActiveCfg = Release|Any CPU
		{3B522136-7BD0-4EF2-A437-08D04DD6C1EC}.Release|Any CPU.Build.0 = Release|Any CPU
	EndGlobalSection
EndGlobal
